
Microsoft Visual Studio Solution File, Format Version 12.00
# Visual Studio 15
VisualStudioVersion = 15.0.27428.1
MinimumVisualStudioVersion = 10.0.40219.1
Project("{9A19103F-16F7-4668-BE54-9A1E7A4F7556}") = "MaratonaBot.EntregaFinal.API", "MaratonaBot.EntregaFinal.API\MaratonaBot.EntregaFinal.API.csproj", "{B382E182-7925-4A56-A1B6-05C335CD17FF}"
EndProject
Project("{FAE04EC0-301F-11D3-BF4B-00C04F79EFBC}") = "MaratonaBot.EntregaFinal.Bot", "MaratonaBot.EntregaFinal.Bot\MaratonaBot.EntregaFinal.Bot.csproj", "{054DE0B3-D269-4293-BCF6-7A96FD21D598}"
EndProject
Global
	GlobalSection(SolutionConfigurationPlatforms) = preSolution
		Debug|Any CPU = Debug|Any CPU
		Release|Any CPU = Release|Any CPU
	EndGlobalSection
	GlobalSection(ProjectConfigurationPlatforms) = postSolution
		{B382E182-7925-4A56-A1B6-05C335CD17FF}.Debug|Any CPU.ActiveCfg = Debug|Any CPU
		{B382E182-7925-4A56-A1B6-05C335CD17FF}.Debug|Any CPU.Build.0 = Debug|Any CPU
		{B382E182-7925-4A56-A1B6-05C335CD17FF}.Release|Any CPU.ActiveCfg = Release|Any CPU
		{B382E182-7925-4A56-A1B6-05C335CD17FF}.Release|Any CPU.Build.0 = Release|Any CPU
		{054DE0B3-D269-4293-BCF6-7A96FD21D598}.Debug|Any CPU.ActiveCfg = Debug|Any CPU
		{054DE0B3-D269-4293-BCF6-7A96FD21D598}.Debug|Any CPU.Build.0 = Debug|Any CPU
		{054DE0B3-D269-4293-BCF6-7A96FD21D598}.Release|Any CPU.ActiveCfg = Release|Any CPU
		{054DE0B3-D269-4293-BCF6-7A96FD21D598}.Release|Any CPU.Build.0 = Release|Any CPU
	EndGlobalSection
	GlobalSection(SolutionProperties) = preSolution
		HideSolutionNode = FALSE
	EndGlobalSection
	GlobalSection(ExtensibilityGlobals) = postSolution
		SolutionGuid = {5CAD95E4-5F36-45CD-937D-74061DA43609}
	EndGlobalSection
EndGlobal
